// !$*UTF8*$!
{
	archiveVersion = 1;
	classes = {
	};
	objectVersion = 56;
	objects = {

/* Begin PBXBuildFile section */
		AE44B10A2A02643D00113A3B /* GoogleService-Info.plist in Resources */ = {isa = PBXBuildFile; fileRef = AE44B1092A02643D00113A3B /* GoogleService-Info.plist */; };
		AE44B10D2A0264A200113A3B /* FirebaseAuth in Frameworks */ = {isa = PBXBuildFile; productRef = AE44B10C2A0264A200113A3B /* FirebaseAuth */; };
		AE44B10F2A0264A200113A3B /* FirebaseDatabase in Frameworks */ = {isa = PBXBuildFile; productRef = AE44B10E2A0264A200113A3B /* FirebaseDatabase */; };
		AE44B1112A0264A200113A3B /* FirebaseFirestore in Frameworks */ = {isa = PBXBuildFile; productRef = AE44B1102A0264A200113A3B /* FirebaseFirestore */; };
		AE44B1132A0264A200113A3B /* FirebaseStorage in Frameworks */ = {isa = PBXBuildFile; productRef = AE44B1122A0264A200113A3B /* FirebaseStorage */; };
		AE7E1EE929FC626A00454569 /* TableViewController.swift in Sources */ = {isa = PBXBuildFile; fileRef = AE7E1EE829FC626A00454569 /* TableViewController.swift */; };
		AE7E1EEB29FC683200454569 /* IstanbulArea.swift in Sources */ = {isa = PBXBuildFile; fileRef = AE7E1EEA29FC683200454569 /* IstanbulArea.swift */; };
		AE8B939A29FE578D0006E689 /* SecondTableViewController.swift in Sources */ = {isa = PBXBuildFile; fileRef = AE8B939929FE578D0006E689 /* SecondTableViewController.swift */; };
		AE8B939C29FE5BAC0006E689 /* SecondCustomTableViewCell.swift in Sources */ = {isa = PBXBuildFile; fileRef = AE8B939B29FE5BAC0006E689 /* SecondCustomTableViewCell.swift */; };
		AEA6D6EE2A045D7600611B8A /* SDWebImage in Frameworks */ = {isa = PBXBuildFile; productRef = AEA6D6ED2A045D7600611B8A /* SDWebImage */; };
		AEC3751E29FAD8C900981956 /* AppDelegate.swift in Sources */ = {isa = PBXBuildFile; fileRef = AEC3751D29FAD8C900981956 /* AppDelegate.swift */; };
		AEC3752029FAD8C900981956 /* SceneDelegate.swift in Sources */ = {isa = PBXBuildFile; fileRef = AEC3751F29FAD8C900981956 /* SceneDelegate.swift */; };
		AEC3752229FAD8C900981956 /* WelcomeViewController.swift in Sources */ = {isa = PBXBuildFile; fileRef = AEC3752129FAD8C900981956 /* WelcomeViewController.swift */; };
		AEC3752529FAD8C900981956 /* Main.storyboard in Resources */ = {isa = PBXBuildFile; fileRef = AEC3752329FAD8C900981956 /* Main.storyboard */; };
		AEC3752729FAD8CA00981956 /* Assets.xcassets in Resources */ = {isa = PBXBuildFile; fileRef = AEC3752629FAD8CA00981956 /* Assets.xcassets */; };
		AEC3752A29FAD8CA00981956 /* LaunchScreen.storyboard in Resources */ = {isa = PBXBuildFile; fileRef = AEC3752829FAD8CA00981956 /* LaunchScreen.storyboard */; };
		AEC3753629FAE6B100981956 /* LogInViewController.swift in Sources */ = {isa = PBXBuildFile; fileRef = AEC3753529FAE6B100981956 /* LogInViewController.swift */; };
		AEC3753829FAE6F900981956 /* SignUpViewController.swift in Sources */ = {isa = PBXBuildFile; fileRef = AEC3753729FAE6F900981956 /* SignUpViewController.swift */; };
		AEC8DFF329FCF04A0087E0B6 /* CustomTableViewCell.swift in Sources */ = {isa = PBXBuildFile; fileRef = AEC8DFF229FCF04A0087E0B6 /* CustomTableViewCell.swift */; };
		AEEDED142A001F7100522930 /* UploadViewController.swift in Sources */ = {isa = PBXBuildFile; fileRef = AEEDED132A001F7100522930 /* UploadViewController.swift */; };
/* End PBXBuildFile section */

/* Begin PBXFileReference section */
		AE44B1092A02643D00113A3B /* GoogleService-Info.plist */ = {isa = PBXFileReference; fileEncoding = 4; lastKnownFileType = text.plist.xml; path = "GoogleService-Info.plist"; sourceTree = "<group>"; };
		AE7E1EE829FC626A00454569 /* TableViewController.swift */ = {isa = PBXFileReference; lastKnownFileType = sourcecode.swift; path = TableViewController.swift; sourceTree = "<group>"; };
		AE7E1EEA29FC683200454569 /* IstanbulArea.swift */ = {isa = PBXFileReference; lastKnownFileType = sourcecode.swift; path = IstanbulArea.swift; sourceTree = "<group>"; };
		AE8B939929FE578D0006E689 /* SecondTableViewController.swift */ = {isa = PBXFileReference; lastKnownFileType = sourcecode.swift; path = SecondTableViewController.swift; sourceTree = "<group>"; };
		AE8B939B29FE5BAC0006E689 /* SecondCustomTableViewCell.swift */ = {isa = PBXFileReference; lastKnownFileType = sourcecode.swift; path = SecondCustomTableViewCell.swift; sourceTree = "<group>"; };
		AEC3751A29FAD8C900981956 /* WhereIsMyTattoArtist.app */ = {isa = PBXFileReference; explicitFileType = wrapper.application; includeInIndex = 0; path = WhereIsMyTattoArtist.app; sourceTree = BUILT_PRODUCTS_DIR; };
		AEC3751D29FAD8C900981956 /* AppDelegate.swift */ = {isa = PBXFileReference; lastKnownFileType = sourcecode.swift; path = AppDelegate.swift; sourceTree = "<group>"; };
		AEC3751F29FAD8C900981956 /* SceneDelegate.swift */ = {isa = PBXFileReference; lastKnownFileType = sourcecode.swift; path = SceneDelegate.swift; sourceTree = "<group>"; };
		AEC3752129FAD8C900981956 /* WelcomeViewController.swift */ = {isa = PBXFileReference; lastKnownFileType = sourcecode.swift; path = WelcomeViewController.swift; sourceTree = "<group>"; };
		AEC3752429FAD8C900981956 /* Base */ = {isa = PBXFileReference; lastKnownFileType = file.storyboard; name = Base; path = Base.lproj/Main.storyboard; sourceTree = "<group>"; };
		AEC3752629FAD8CA00981956 /* Assets.xcassets */ = {isa = PBXFileReference; lastKnownFileType = folder.assetcatalog; path = Assets.xcassets; sourceTree = "<group>"; };
		AEC3752929FAD8CA00981956 /* Base */ = {isa = PBXFileReference; lastKnownFileType = file.storyboard; name = Base; path = Base.lproj/LaunchScreen.storyboard; sourceTree = "<group>"; };
		AEC3752B29FAD8CA00981956 /* Info.plist */ = {isa = PBXFileReference; lastKnownFileType = text.plist.xml; path = Info.plist; sourceTree = "<group>"; };
		AEC3753529FAE6B100981956 /* LogInViewController.swift */ = {isa = PBXFileReference; lastKnownFileType = sourcecode.swift; path = LogInViewController.swift; sourceTree = "<group>"; };
		AEC3753729FAE6F900981956 /* SignUpViewController.swift */ = {isa = PBXFileReference; lastKnownFileType = sourcecode.swift; path = SignUpViewController.swift; sourceTree = "<group>"; };
		AEC8DFF229FCF04A0087E0B6 /* CustomTableViewCell.swift */ = {isa = PBXFileReference; lastKnownFileType = sourcecode.swift; path = CustomTableViewCell.swift; sourceTree = "<group>"; };
		AEEDED132A001F7100522930 /* UploadViewController.swift */ = {isa = PBXFileReference; lastKnownFileType = sourcecode.swift; path = UploadViewController.swift; sourceTree = "<group>"; };
/* End PBXFileReference section */

/* Begin PBXFrameworksBuildPhase section */
		AEC3751729FAD8C900981956 /* Frameworks */ = {
			isa = PBXFrameworksBuildPhase;
			buildActionMask = 2147483647;
			files = (
				AE44B10F2A0264A200113A3B /* FirebaseDatabase in Frameworks */,
				AE44B1132A0264A200113A3B /* FirebaseStorage in Frameworks */,
				AE44B10D2A0264A200113A3B /* FirebaseAuth in Frameworks */,
				AE44B1112A0264A200113A3B /* FirebaseFirestore in Frameworks */,
				AEA6D6EE2A045D7600611B8A /* SDWebImage in Frameworks */,
			);
			runOnlyForDeploymentPostprocessing = 0;
		};
/* End PBXFrameworksBuildPhase section */

/* Begin PBXGroup section */
		AEC3751129FAD8C900981956 = {
			isa = PBXGroup;
			children = (
				AEC3751C29FAD8C900981956 /* WhereIsMyTattoArtist */,
				AEC3751B29FAD8C900981956 /* Products */,
			);
			sourceTree = "<group>";
		};
		AEC3751B29FAD8C900981956 /* Products */ = {
			isa = PBXGroup;
			children = (
				AEC3751A29FAD8C900981956 /* WhereIsMyTattoArtist.app */,
			);
			name = Products;
			sourceTree = "<group>";
		};
		AEC3751C29FAD8C900981956 /* WhereIsMyTattoArtist */ = {
			isa = PBXGroup;
			children = (
				AEC3753129FAD8D700981956 /* Delegate */,
				AEC8DFF129FCF0220087E0B6 /* CustomView */,
				AEC3753429FAD90A00981956 /* ViewModel */,
				AEC3753329FAD90500981956 /* Model */,
				AEC3753229FAD8E200981956 /* View */,
				AEC3752629FAD8CA00981956 /* Assets.xcassets */,
				AEC3752829FAD8CA00981956 /* LaunchScreen.storyboard */,
				AE44B1092A02643D00113A3B /* GoogleService-Info.plist */,
				AEC3752B29FAD8CA00981956 /* Info.plist */,
			);
			path = WhereIsMyTattoArtist;
			sourceTree = "<group>";
		};
		AEC3753129FAD8D700981956 /* Delegate */ = {
			isa = PBXGroup;
			children = (
				AEC3751D29FAD8C900981956 /* AppDelegate.swift */,
				AEC3751F29FAD8C900981956 /* SceneDelegate.swift */,
			);
			path = Delegate;
			sourceTree = "<group>";
		};
		AEC3753229FAD8E200981956 /* View */ = {
			isa = PBXGroup;
			children = (
				AEC3752129FAD8C900981956 /* WelcomeViewController.swift */,
				AEC3753529FAE6B100981956 /* LogInViewController.swift */,
				AEC3753729FAE6F900981956 /* SignUpViewController.swift */,
				AE7E1EE829FC626A00454569 /* TableViewController.swift */,
				AE8B939929FE578D0006E689 /* SecondTableViewController.swift */,
				AEEDED132A001F7100522930 /* UploadViewController.swift */,
				AEC3752329FAD8C900981956 /* Main.storyboard */,
			);
			path = View;
			sourceTree = "<group>";
		};
		AEC3753329FAD90500981956 /* Model */ = {
			isa = PBXGroup;
			children = (
				AE7E1EEA29FC683200454569 /* IstanbulArea.swift */,
			);
			path = Model;
			sourceTree = "<group>";
		};
		AEC3753429FAD90A00981956 /* ViewModel */ = {
			isa = PBXGroup;
			children = (
			);
			path = ViewModel;
			sourceTree = "<group>";
		};
		AEC8DFF129FCF0220087E0B6 /* CustomView */ = {
			isa = PBXGroup;
			children = (
				AEC8DFF229FCF04A0087E0B6 /* CustomTableViewCell.swift */,
				AE8B939B29FE5BAC0006E689 /* SecondCustomTableViewCell.swift */,
			);
			path = CustomView;
			sourceTree = "<group>";
		};
/* End PBXGroup section */

/* Begin PBXNativeTarget section */
		AEC3751929FAD8C900981956 /* WhereIsMyTattoArtist */ = {
			isa = PBXNativeTarget;
			buildConfigurationList = AEC3752E29FAD8CA00981956 /* Build configuration list for PBXNativeTarget "WhereIsMyTattoArtist" */;
			buildPhases = (
				AEC3751629FAD8C900981956 /* Sources */,
				AEC3751729FAD8C900981956 /* Frameworks */,
				AEC3751829FAD8C900981956 /* Resources */,
			);
			buildRules = (
			);
			dependencies = (
			);
			name = WhereIsMyTattoArtist;
			packageProductDependencies = (
				AE44B10C2A0264A200113A3B /* FirebaseAuth */,
				AE44B10E2A0264A200113A3B /* FirebaseDatabase */,
				AE44B1102A0264A200113A3B /* FirebaseFirestore */,
				AE44B1122A0264A200113A3B /* FirebaseStorage */,
				AEA6D6ED2A045D7600611B8A /* SDWebImage */,
			);
			productName = WhereIsMyTattoArtist;
			productReference = AEC3751A29FAD8C900981956 /* WhereIsMyTattoArtist.app */;
			productType = "com.apple.product-type.application";
		};
/* End PBXNativeTarget section */

/* Begin PBXProject section */
		AEC3751229FAD8C900981956 /* Project object */ = {
			isa = PBXProject;
			attributes = {
				BuildIndependentTargetsInParallel = 1;
				LastSwiftUpdateCheck = 1430;
				LastUpgradeCheck = 1430;
				TargetAttributes = {
					AEC3751929FAD8C900981956 = {
						CreatedOnToolsVersion = 14.3;
					};
				};
			};
			buildConfigurationList = AEC3751529FAD8C900981956 /* Build configuration list for PBXProject "WhereIsMyTattoArtist" */;
			compatibilityVersion = "Xcode 14.0";
			developmentRegion = en;
			hasScannedForEncodings = 0;
			knownRegions = (
				en,
				Base,
			);
			mainGroup = AEC3751129FAD8C900981956;
			packageReferences = (
				AE44B10B2A0264A200113A3B /* XCRemoteSwiftPackageReference "firebase-ios-sdk" */,
				AEA6D6EC2A045D7600611B8A /* XCRemoteSwiftPackageReference "SDWebImage" */,
			);
			productRefGroup = AEC3751B29FAD8C900981956 /* Products */;
			projectDirPath = "";
			projectRoot = "";
			targets = (
				AEC3751929FAD8C900981956 /* WhereIsMyTattoArtist */,
			);
		};
/* End PBXProject section */

/* Begin PBXResourcesBuildPhase section */
		AEC3751829FAD8C900981956 /* Resources */ = {
			isa = PBXResourcesBuildPhase;
			buildActionMask = 2147483647;
			files = (
				AEC3752A29FAD8CA00981956 /* LaunchScreen.storyboard in Resources */,
				AE44B10A2A02643D00113A3B /* GoogleService-Info.plist in Resources */,
				AEC3752729FAD8CA00981956 /* Assets.xcassets in Resources */,
				AEC3752529FAD8C900981956 /* Main.storyboard in Resources */,
			);
			runOnlyForDeploymentPostprocessing = 0;
		};
/* End PBXResourcesBuildPhase section */

/* Begin PBXSourcesBuildPhase section */
		AEC3751629FAD8C900981956 /* Sources */ = {
			isa = PBXSourcesBuildPhase;
			buildActionMask = 2147483647;
			files = (
				AE8B939C29FE5BAC0006E689 /* SecondCustomTableViewCell.swift in Sources */,
				AEEDED142A001F7100522930 /* UploadViewController.swift in Sources */,
				AEC3752229FAD8C900981956 /* WelcomeViewController.swift in Sources */,
				AE7E1EE929FC626A00454569 /* TableViewController.swift in Sources */,
				AEC8DFF329FCF04A0087E0B6 /* CustomTableViewCell.swift in Sources */,
				AEC3753629FAE6B100981956 /* LogInViewController.swift in Sources */,
				AEC3751E29FAD8C900981956 /* AppDelegate.swift in Sources */,
				AE7E1EEB29FC683200454569 /* IstanbulArea.swift in Sources */,
				AEC3752029FAD8C900981956 /* SceneDelegate.swift in Sources */,
				AE8B939A29FE578D0006E689 /* SecondTableViewController.swift in Sources */,
				AEC3753829FAE6F900981956 /* SignUpViewController.swift in Sources */,
			);
			runOnlyForDeploymentPostprocessing = 0;
		};
/* End PBXSourcesBuildPhase section */

/* Begin PBXVariantGroup section */
		AEC3752329FAD8C900981956 /* Main.storyboard */ = {
			isa = PBXVariantGroup;
			children = (
				AEC3752429FAD8C900981956 /* Base */,
			);
			name = Main.storyboard;
			sourceTree = "<group>";
		};
		AEC3752829FAD8CA00981956 /* LaunchScreen.storyboard */ = {
			isa = PBXVariantGroup;
			children = (
				AEC3752929FAD8CA00981956 /* Base */,
			);
			name = LaunchScreen.storyboard;
			sourceTree = "<group>";
		};
/* End PBXVariantGroup section */

/* Begin XCBuildConfiguration section */
		AEC3752C29FAD8CA00981956 /* Debug */ = {
			isa = XCBuildConfiguration;
			buildSettings = {
				ALWAYS_SEARCH_USER_PATHS = NO;
				CLANG_ANALYZER_NONNULL = YES;
				CLANG_ANALYZER_NUMBER_OBJECT_CONVERSION = YES_AGGRESSIVE;
				CLANG_CXX_LANGUAGE_STANDARD = "gnu++20";
				CLANG_ENABLE_MODULES = YES;
				CLANG_ENABLE_OBJC_ARC = YES;
				CLANG_ENABLE_OBJC_WEAK = YES;
				CLANG_WARN_BLOCK_CAPTURE_AUTORELEASING = YES;
				CLANG_WARN_BOOL_CONVERSION = YES;
				CLANG_WARN_COMMA = YES;
				CLANG_WARN_CONSTANT_CONVERSION = YES;
				CLANG_WARN_DEPRECATED_OBJC_IMPLEMENTATIONS = YES;
				CLANG_WARN_DIRECT_OBJC_ISA_USAGE = YES_ERROR;
				CLANG_WARN_DOCUMENTATION_COMMENTS = YES;
				CLANG_WARN_EMPTY_BODY = YES;
				CLANG_WARN_ENUM_CONVERSION = YES;
				CLANG_WARN_INFINITE_RECURSION = YES;
				CLANG_WARN_INT_CONVERSION = YES;
				CLANG_WARN_NON_LITERAL_NULL_CONVERSION = YES;
				CLANG_WARN_OBJC_IMPLICIT_RETAIN_SELF = YES;
				CLANG_WARN_OBJC_LITERAL_CONVERSION = YES;
				CLANG_WARN_OBJC_ROOT_CLASS = YES_ERROR;
				CLANG_WARN_QUOTED_INCLUDE_IN_FRAMEWORK_HEADER = YES;
				CLANG_WARN_RANGE_LOOP_ANALYSIS = YES;
				CLANG_WARN_STRICT_PROTOTYPES = YES;
				CLANG_WARN_SUSPICIOUS_MOVE = YES;
				CLANG_WARN_UNGUARDED_AVAILABILITY = YES_AGGRESSIVE;
				CLANG_WARN_UNREACHABLE_CODE = YES;
				CLANG_WARN__DUPLICATE_METHOD_MATCH = YES;
				COPY_PHASE_STRIP = NO;
				DEBUG_INFORMATION_FORMAT = dwarf;
				ENABLE_STRICT_OBJC_MSGSEND = YES;
				ENABLE_TESTABILITY = YES;
				GCC_C_LANGUAGE_STANDARD = gnu11;
				GCC_DYNAMIC_NO_PIC = NO;
				GCC_NO_COMMON_BLOCKS = YES;
				GCC_OPTIMIZATION_LEVEL = 0;
				GCC_PREPROCESSOR_DEFINITIONS = (
					"DEBUG=1",
					"$(inherited)",
				);
				GCC_WARN_64_TO_32_BIT_CONVERSION = YES;
				GCC_WARN_ABOUT_RETURN_TYPE = YES_ERROR;
				GCC_WARN_UNDECLARED_SELECTOR = YES;
				GCC_WARN_UNINITIALIZED_AUTOS = YES_AGGRESSIVE;
				GCC_WARN_UNUSED_FUNCTION = YES;
				GCC_WARN_UNUSED_VARIABLE = YES;
				IPHONEOS_DEPLOYMENT_TARGET = 16.4;
				MTL_ENABLE_DEBUG_INFO = INCLUDE_SOURCE;
				MTL_FAST_MATH = YES;
				ONLY_ACTIVE_ARCH = YES;
				SDKROOT = iphoneos;
				SWIFT_ACTIVE_COMPILATION_CONDITIONS = DEBUG;
				SWIFT_OPTIMIZATION_LEVEL = "-Onone";
			};
			name = Debug;
		};
		AEC3752D29FAD8CA00981956 /* Release */ = {
			isa = XCBuildConfiguration;
			buildSettings = {
				ALWAYS_SEARCH_USER_PATHS = NO;
				CLANG_ANALYZER_NONNULL = YES;
				CLANG_ANALYZER_NUMBER_OBJECT_CONVERSION = YES_AGGRESSIVE;
				CLANG_CXX_LANGUAGE_STANDARD = "gnu++20";
				CLANG_ENABLE_MODULES = YES;
				CLANG_ENABLE_OBJC_ARC = YES;
				CLANG_ENABLE_OBJC_WEAK = YES;
				CLANG_WARN_BLOCK_CAPTURE_AUTORELEASING = YES;
				CLANG_WARN_BOOL_CONVERSION = YES;
				CLANG_WARN_COMMA = YES;
				CLANG_WARN_CONSTANT_CONVERSION = YES;
				CLANG_WARN_DEPRECATED_OBJC_IMPLEMENTATIONS = YES;
				CLANG_WARN_DIRECT_OBJC_ISA_USAGE = YES_ERROR;
				CLANG_WARN_DOCUMENTATION_COMMENTS = YES;
				CLANG_WARN_EMPTY_BODY = YES;
				CLANG_WARN_ENUM_CONVERSION = YES;
				CLANG_WARN_INFINITE_RECURSION = YES;
				CLANG_WARN_INT_CONVERSION = YES;
				CLANG_WARN_NON_LITERAL_NULL_CONVERSION = YES;
				CLANG_WARN_OBJC_IMPLICIT_RETAIN_SELF = YES;
				CLANG_WARN_OBJC_LITERAL_CONVERSION = YES;
				CLANG_WARN_OBJC_ROOT_CLASS = YES_ERROR;
				CLANG_WARN_QUOTED_INCLUDE_IN_FRAMEWORK_HEADER = YES;
				CLANG_WARN_RANGE_LOOP_ANALYSIS = YES;
				CLANG_WARN_STRICT_PROTOTYPES = YES;
				CLANG_WARN_SUSPICIOUS_MOVE = YES;
				CLANG_WARN_UNGUARDED_AVAILABILITY = YES_AGGRESSIVE;
				CLANG_WARN_UNREACHABLE_CODE = YES;
				CLANG_WARN__DUPLICATE_METHOD_MATCH = YES;
				COPY_PHASE_STRIP = NO;
				DEBUG_INFORMATION_FORMAT = "dwarf-with-dsym";
				ENABLE_NS_ASSERTIONS = NO;
				ENABLE_STRICT_OBJC_MSGSEND = YES;
				GCC_C_LANGUAGE_STANDARD = gnu11;
				GCC_NO_COMMON_BLOCKS = YES;
				GCC_WARN_64_TO_32_BIT_CONVERSION = YES;
				GCC_WARN_ABOUT_RETURN_TYPE = YES_ERROR;
				GCC_WARN_UNDECLARED_SELECTOR = YES;
				GCC_WARN_UNINITIALIZED_AUTOS = YES_AGGRESSIVE;
				GCC_WARN_UNUSED_FUNCTION = YES;
				GCC_WARN_UNUSED_VARIABLE = YES;
				IPHONEOS_DEPLOYMENT_TARGET = 16.4;
				MTL_ENABLE_DEBUG_INFO = NO;
				MTL_FAST_MATH = YES;
				SDKROOT = iphoneos;
				SWIFT_COMPILATION_MODE = wholemodule;
				SWIFT_OPTIMIZATION_LEVEL = "-O";
				VALIDATE_PRODUCT = YES;
			};
			name = Release;
		};
		AEC3752F29FAD8CA00981956 /* Debug */ = {
			isa = XCBuildConfiguration;
			buildSettings = {
				ASSETCATALOG_COMPILER_APPICON_NAME = AppIcon;
				ASSETCATALOG_COMPILER_GLOBAL_ACCENT_COLOR_NAME = AccentColor;
				CODE_SIGN_STYLE = Automatic;
				CURRENT_PROJECT_VERSION = 1;
				DEVELOPMENT_TEAM = J6767NCB7S;
				GENERATE_INFOPLIST_FILE = YES;
				INFOPLIST_FILE = WhereIsMyTattoArtist/Info.plist;
				INFOPLIST_KEY_UIApplicationSupportsIndirectInputEvents = YES;
				INFOPLIST_KEY_UILaunchStoryboardName = LaunchScreen;
				INFOPLIST_KEY_UIMainStoryboardFile = Main;
				INFOPLIST_KEY_UISupportedInterfaceOrientations_iPad = "UIInterfaceOrientationPortrait UIInterfaceOrientationPortraitUpsideDown UIInterfaceOrientationLandscapeLeft UIInterfaceOrientationLandscapeRight";
				INFOPLIST_KEY_UISupportedInterfaceOrientations_iPhone = "UIInterfaceOrientationPortrait UIInterfaceOrientationLandscapeLeft UIInterfaceOrientationLandscapeRight";
				LD_RUNPATH_SEARCH_PATHS = (
					"$(inherited)",
					"@executable_path/Frameworks",
				);
				MARKETING_VERSION = 1.0;
				PRODUCT_BUNDLE_IDENTIFIER = com.serdaraltindas.WhereIsMyTattoArtist;
				PRODUCT_NAME = "$(TARGET_NAME)";
				SWIFT_EMIT_LOC_STRINGS = YES;
				SWIFT_VERSION = 5.0;
				TARGETED_DEVICE_FAMILY = "1,2";
			};
			name = Debug;
		};
		AEC3753029FAD8CA00981956 /* Release */ = {
			isa = XCBuildConfiguration;
			buildSettings = {
				ASSETCATALOG_COMPILER_APPICON_NAME = AppIcon;
				ASSETCATALOG_COMPILER_GLOBAL_ACCENT_COLOR_NAME = AccentColor;
				CODE_SIGN_STYLE = Automatic;
				CURRENT_PROJECT_VERSION = 1;
				DEVELOPMENT_TEAM = J6767NCB7S;
				GENERATE_INFOPLIST_FILE = YES;
				INFOPLIST_FILE = WhereIsMyTattoArtist/Info.plist;
				INFOPLIST_KEY_UIApplicationSupportsIndirectInputEvents = YES;
				INFOPLIST_KEY_UILaunchStoryboardName = LaunchScreen;
				INFOPLIST_KEY_UIMainStoryboardFile = Main;
				INFOPLIST_KEY_UISupportedInterfaceOrientations_iPad = "UIInterfaceOrientationPortrait UIInterfaceOrientationPortraitUpsideDown UIInterfaceOrientationLandscapeLeft UIInterfaceOrientationLandscapeRight";
				INFOPLIST_KEY_UISupportedInterfaceOrientations_iPhone = "UIInterfaceOrientationPortrait UIInterfaceOrientationLandscapeLeft UIInterfaceOrientationLandscapeRight";
				LD_RUNPATH_SEARCH_PATHS = (
					"$(inherited)",
					"@executable_path/Frameworks",
				);
				MARKETING_VERSION = 1.0;
				PRODUCT_BUNDLE_IDENTIFIER = com.serdaraltindas.WhereIsMyTattoArtist;
				PRODUCT_NAME = "$(TARGET_NAME)";
				SWIFT_EMIT_LOC_STRINGS = YES;
				SWIFT_VERSION = 5.0;
				TARGETED_DEVICE_FAMILY = "1,2";
			};
			name = Release;
		};
/* End XCBuildConfiguration section */

/* Begin XCConfigurationList section */
		AEC3751529FAD8C900981956 /* Build configuration list for PBXProject "WhereIsMyTattoArtist" */ = {
			isa = XCConfigurationList;
			buildConfigurations = (
				AEC3752C29FAD8CA00981956 /* Debug */,
				AEC3752D29FAD8CA00981956 /* Release */,
			);
			defaultConfigurationIsVisible = 0;
			defaultConfigurationName = Release;
		};
		AEC3752E29FAD8CA00981956 /* Build configuration list for PBXNativeTarget "WhereIsMyTattoArtist" */ = {
			isa = XCConfigurationList;
			buildConfigurations = (
				AEC3752F29FAD8CA00981956 /* Debug */,
				AEC3753029FAD8CA00981956 /* Release */,
			);
			defaultConfigurationIsVisible = 0;
			defaultConfigurationName = Release;
		};
/* End XCConfigurationList section */

/* Begin XCRemoteSwiftPackageReference section */
		AE44B10B2A0264A200113A3B /* XCRemoteSwiftPackageReference "firebase-ios-sdk" */ = {
			isa = XCRemoteSwiftPackageReference;
			repositoryURL = "https://github.com/firebase/firebase-ios-sdk";
			requirement = {
				kind = upToNextMajorVersion;
				minimumVersion = 10.0.0;
			};
		};
		AEA6D6EC2A045D7600611B8A /* XCRemoteSwiftPackageReference "SDWebImage" */ = {
			isa = XCRemoteSwiftPackageReference;
			repositoryURL = "https://github.com/SDWebImage/SDWebImage";
			requirement = {
				kind = upToNextMajorVersion;
				minimumVersion = 5.0.0;
			};
		};
/* End XCRemoteSwiftPackageReference section */

/* Begin XCSwiftPackageProductDependency section */
		AE44B10C2A0264A200113A3B /* FirebaseAuth */ = {
			isa = XCSwiftPackageProductDependency;
			package = AE44B10B2A0264A200113A3B /* XCRemoteSwiftPackageReference "firebase-ios-sdk" */;
			productName = FirebaseAuth;
		};
		AE44B10E2A0264A200113A3B /* FirebaseDatabase */ = {
			isa = XCSwiftPackageProductDependency;
			package = AE44B10B2A0264A200113A3B /* XCRemoteSwiftPackageReference "firebase-ios-sdk" */;
			productName = FirebaseDatabase;
		};
		AE44B1102A0264A200113A3B /* FirebaseFirestore */ = {
			isa = XCSwiftPackageProductDependency;
			package = AE44B10B2A0264A200113A3B /* XCRemoteSwiftPackageReference "firebase-ios-sdk" */;
			productName = FirebaseFirestore;
		};
		AE44B1122A0264A200113A3B /* FirebaseStorage */ = {
			isa = XCSwiftPackageProductDependency;
			package = AE44B10B2A0264A200113A3B /* XCRemoteSwiftPackageReference "firebase-ios-sdk" */;
			productName = FirebaseStorage;
		};
		AEA6D6ED2A045D7600611B8A /* SDWebImage */ = {
			isa = XCSwiftPackageProductDependency;
			package = AEA6D6EC2A045D7600611B8A /* XCRemoteSwiftPackageReference "SDWebImage" */;
			productName = SDWebImage;
		};
/* End XCSwiftPackageProductDependency section */
	};
	rootObject = AEC3751229FAD8C900981956 /* Project object */;
}
